
Microsoft Visual Studio Solution File, Format Version 12.00
# Visual Studio 15
VisualStudioVersion = 15.0.28307.539
MinimumVisualStudioVersion = 10.0.40219.1
Project("{FAE04EC0-301F-11D3-BF4B-00C04F79EFBC}") = "PC_Playground_Csharp", "PC_Playground_Csharp.csproj", "{386F944B-820A-4282-B1BD-50E97A33BBF3}"
EndProject
Global
	GlobalSection(SolutionConfigurationPlatforms) = preSolution
		Debug|Any CPU = Debug|Any CPU
		Release|Any CPU = Release|Any CPU
	EndGlobalSection
	GlobalSection(ProjectConfigurationPlatforms) = postSolution
		{386F944B-820A-4282-B1BD-50E97A33BBF3}.Debug|Any CPU.ActiveCfg = Debug|Any CPU
		{386F944B-820A-4282-B1BD-50E97A33BBF3}.Debug|Any CPU.Build.0 = Debug|Any CPU
		{386F944B-820A-4282-B1BD-50E97A33BBF3}.Release|Any CPU.ActiveCfg = Release|Any CPU
		{386F944B-820A-4282-B1BD-50E97A33BBF3}.Release|Any CPU.Build.0 = Release|Any CPU
	EndGlobalSection
	GlobalSection(SolutionProperties) = preSolution
		HideSolutionNode = FALSE
	EndGlobalSection
	GlobalSection(ExtensibilityGlobals) = postSolution
		SolutionGuid = {4C7CA0FF-960D-4679-9BA8-8DFAD6C85D5D}
	EndGlobalSection
EndGlobal
