
Microsoft Visual Studio Solution File, Format Version 12.00
# Visual Studio 15
VisualStudioVersion = 15.0.28307.539
MinimumVisualStudioVersion = 10.0.40219.1
Project("{FAE04EC0-301F-11D3-BF4B-00C04F79EFBC}") = "Serie3", "Serie3.csproj", "{4DDE987A-80DA-4E2C-BA30-11F155F41305}"
EndProject
Global
	GlobalSection(SolutionConfigurationPlatforms) = preSolution
		Debug|Any CPU = Debug|Any CPU
		Release|Any CPU = Release|Any CPU
	EndGlobalSection
	GlobalSection(ProjectConfigurationPlatforms) = postSolution
		{4DDE987A-80DA-4E2C-BA30-11F155F41305}.Debug|Any CPU.ActiveCfg = Debug|Any CPU
		{4DDE987A-80DA-4E2C-BA30-11F155F41305}.Debug|Any CPU.Build.0 = Debug|Any CPU
		{4DDE987A-80DA-4E2C-BA30-11F155F41305}.Release|Any CPU.ActiveCfg = Release|Any CPU
		{4DDE987A-80DA-4E2C-BA30-11F155F41305}.Release|Any CPU.Build.0 = Release|Any CPU
	EndGlobalSection
	GlobalSection(SolutionProperties) = preSolution
		HideSolutionNode = FALSE
	EndGlobalSection
	GlobalSection(ExtensibilityGlobals) = postSolution
		SolutionGuid = {27FC5294-02E1-4D46-851A-684E5F02862F}
	EndGlobalSection
EndGlobal
